// !$*UTF8*$!
{
	archiveVersion = 1;
	classes = {
	};
	objectVersion = 50;
	objects = {

/* Begin PBXBuildFile section */
		785CBAC3274EAEE9003D17AE /* MainTableViewManager.swift in Sources */ = {isa = PBXBuildFile; fileRef = 785CBAC2274EAEE9003D17AE /* MainTableViewManager.swift */; };
		785CBAC7274EB089003D17AE /* MainTableViewCell.swift in Sources */ = {isa = PBXBuildFile; fileRef = 785CBAC6274EB089003D17AE /* MainTableViewCell.swift */; };
		7884FDB3274EABFD00AD0F15 /* AppDelegate.swift in Sources */ = {isa = PBXBuildFile; fileRef = 7884FDB2274EABFD00AD0F15 /* AppDelegate.swift */; };
		7884FDB5274EABFD00AD0F15 /* SceneDelegate.swift in Sources */ = {isa = PBXBuildFile; fileRef = 7884FDB4274EABFD00AD0F15 /* SceneDelegate.swift */; };
		7884FDB7274EABFD00AD0F15 /* MainViewController.swift in Sources */ = {isa = PBXBuildFile; fileRef = 7884FDB6274EABFD00AD0F15 /* MainViewController.swift */; };
		7884FDBA274EABFD00AD0F15 /* Main.storyboard in Resources */ = {isa = PBXBuildFile; fileRef = 7884FDB8274EABFD00AD0F15 /* Main.storyboard */; };
		7884FDBC274EAC0200AD0F15 /* Assets.xcassets in Resources */ = {isa = PBXBuildFile; fileRef = 7884FDBB274EAC0200AD0F15 /* Assets.xcassets */; };
		7884FDBF274EAC0200AD0F15 /* LaunchScreen.storyboard in Resources */ = {isa = PBXBuildFile; fileRef = 7884FDBD274EAC0200AD0F15 /* LaunchScreen.storyboard */; };
		78D1B6BA277A603D0046193F /* SecondViewController.swift in Sources */ = {isa = PBXBuildFile; fileRef = 78D1B6B9277A603D0046193F /* SecondViewController.swift */; };
		78E6AD0527561EB7000CA165 /* LoadingView.swift in Sources */ = {isa = PBXBuildFile; fileRef = 78E6AD0427561EB7000CA165 /* LoadingView.swift */; };
		78E6AD0827561ECA000CA165 /* LoadMoreErrorView.swift in Sources */ = {isa = PBXBuildFile; fileRef = 78E6AD0727561ECA000CA165 /* LoadMoreErrorView.swift */; };
		78E6AD0D27561F14000CA165 /* FeedModel.swift in Sources */ = {isa = PBXBuildFile; fileRef = 78E6AD0C27561F14000CA165 /* FeedModel.swift */; };
		78E6AD1127561F96000CA165 /* PlaceholderView.swift in Sources */ = {isa = PBXBuildFile; fileRef = 78E6AD1027561F96000CA165 /* PlaceholderView.swift */; };
		78E6AD15275650FF000CA165 /* NetworkService.swift in Sources */ = {isa = PBXBuildFile; fileRef = 78E6AD14275650FF000CA165 /* NetworkService.swift */; };
/* End PBXBuildFile section */

/* Begin PBXFileReference section */
		785CBAC2274EAEE9003D17AE /* MainTableViewManager.swift */ = {isa = PBXFileReference; lastKnownFileType = sourcecode.swift; path = MainTableViewManager.swift; sourceTree = "<group>"; };
		785CBAC6274EB089003D17AE /* MainTableViewCell.swift */ = {isa = PBXFileReference; lastKnownFileType = sourcecode.swift; path = MainTableViewCell.swift; sourceTree = "<group>"; };
		7884FDAF274EABFD00AD0F15 /* Pagination+UITableView.app */ = {isa = PBXFileReference; explicitFileType = wrapper.application; includeInIndex = 0; path = "Pagination+UITableView.app"; sourceTree = BUILT_PRODUCTS_DIR; };
		7884FDB2274EABFD00AD0F15 /* AppDelegate.swift */ = {isa = PBXFileReference; lastKnownFileType = sourcecode.swift; path = AppDelegate.swift; sourceTree = "<group>"; };
		7884FDB4274EABFD00AD0F15 /* SceneDelegate.swift */ = {isa = PBXFileReference; lastKnownFileType = sourcecode.swift; path = SceneDelegate.swift; sourceTree = "<group>"; };
		7884FDB6274EABFD00AD0F15 /* MainViewController.swift */ = {isa = PBXFileReference; lastKnownFileType = sourcecode.swift; path = MainViewController.swift; sourceTree = "<group>"; };
		7884FDB9274EABFD00AD0F15 /* Base */ = {isa = PBXFileReference; lastKnownFileType = file.storyboard; name = Base; path = Base.lproj/Main.storyboard; sourceTree = "<group>"; };
		7884FDBB274EAC0200AD0F15 /* Assets.xcassets */ = {isa = PBXFileReference; lastKnownFileType = folder.assetcatalog; path = Assets.xcassets; sourceTree = "<group>"; };
		7884FDBE274EAC0200AD0F15 /* Base */ = {isa = PBXFileReference; lastKnownFileType = file.storyboard; name = Base; path = Base.lproj/LaunchScreen.storyboard; sourceTree = "<group>"; };
		7884FDC0274EAC0200AD0F15 /* Info.plist */ = {isa = PBXFileReference; lastKnownFileType = text.plist.xml; path = Info.plist; sourceTree = "<group>"; };
		78D1B6B9277A603D0046193F /* SecondViewController.swift */ = {isa = PBXFileReference; lastKnownFileType = sourcecode.swift; path = SecondViewController.swift; sourceTree = "<group>"; };
		78E6AD0427561EB7000CA165 /* LoadingView.swift */ = {isa = PBXFileReference; lastKnownFileType = sourcecode.swift; path = LoadingView.swift; sourceTree = "<group>"; };
		78E6AD0727561ECA000CA165 /* LoadMoreErrorView.swift */ = {isa = PBXFileReference; lastKnownFileType = sourcecode.swift; path = LoadMoreErrorView.swift; sourceTree = "<group>"; };
		78E6AD0C27561F14000CA165 /* FeedModel.swift */ = {isa = PBXFileReference; lastKnownFileType = sourcecode.swift; path = FeedModel.swift; sourceTree = "<group>"; };
		78E6AD1027561F96000CA165 /* PlaceholderView.swift */ = {isa = PBXFileReference; lastKnownFileType = sourcecode.swift; path = PlaceholderView.swift; sourceTree = "<group>"; };
		78E6AD14275650FF000CA165 /* NetworkService.swift */ = {isa = PBXFileReference; lastKnownFileType = sourcecode.swift; path = NetworkService.swift; sourceTree = "<group>"; };
/* End PBXFileReference section */

/* Begin PBXFrameworksBuildPhase section */
		7884FDAC274EABFD00AD0F15 /* Frameworks */ = {
			isa = PBXFrameworksBuildPhase;
			buildActionMask = 2147483647;
			files = (
			);
			runOnlyForDeploymentPostprocessing = 0;
		};
/* End PBXFrameworksBuildPhase section */

/* Begin PBXGroup section */
		785CBAC0274EAED2003D17AE /* View */ = {
			isa = PBXGroup;
			children = (
				7884FDB6274EABFD00AD0F15 /* MainViewController.swift */,
			);
			path = View;
			sourceTree = "<group>";
		};
		785CBAC1274EAED9003D17AE /* Manager */ = {
			isa = PBXGroup;
			children = (
				785CBAC2274EAEE9003D17AE /* MainTableViewManager.swift */,
			);
			path = Manager;
			sourceTree = "<group>";
		};
		785CBAC5274EB06E003D17AE /* Cell */ = {
			isa = PBXGroup;
			children = (
				785CBAC6274EB089003D17AE /* MainTableViewCell.swift */,
			);
			path = Cell;
			sourceTree = "<group>";
		};
		7884FDA6274EABFD00AD0F15 = {
			isa = PBXGroup;
			children = (
				7884FDB1274EABFD00AD0F15 /* Pagination+UITableView */,
				7884FDB0274EABFD00AD0F15 /* Products */,
			);
			sourceTree = "<group>";
		};
		7884FDB0274EABFD00AD0F15 /* Products */ = {
			isa = PBXGroup;
			children = (
				7884FDAF274EABFD00AD0F15 /* Pagination+UITableView.app */,
			);
			name = Products;
			sourceTree = "<group>";
		};
		7884FDB1274EABFD00AD0F15 /* Pagination+UITableView */ = {
			isa = PBXGroup;
			children = (
				7884FDC7274EAC1900AD0F15 /* App */,
				7884FDCA274EAC3F00AD0F15 /* UI */,
				78E6AD13275650EC000CA165 /* Nerwork */,
				7884FDC9274EAC2800AD0F15 /* Resources */,
			);
			path = "Pagination+UITableView";
			sourceTree = "<group>";
		};
		7884FDC7274EAC1900AD0F15 /* App */ = {
			isa = PBXGroup;
			children = (
				7884FDB2274EABFD00AD0F15 /* AppDelegate.swift */,
				7884FDB4274EABFD00AD0F15 /* SceneDelegate.swift */,
			);
			path = App;
			sourceTree = "<group>";
		};
		7884FDC9274EAC2800AD0F15 /* Resources */ = {
			isa = PBXGroup;
			children = (
				7884FDBB274EAC0200AD0F15 /* Assets.xcassets */,
				7884FDBD274EAC0200AD0F15 /* LaunchScreen.storyboard */,
				7884FDC0274EAC0200AD0F15 /* Info.plist */,
			);
			path = Resources;
			sourceTree = "<group>";
		};
		7884FDCA274EAC3F00AD0F15 /* UI */ = {
			isa = PBXGroup;
			children = (
				78E6AD0A27561EF4000CA165 /* Common */,
				7884FDCB274EAC4800AD0F15 /* SB */,
				7884FDCC274EAC5200AD0F15 /* MainScreen */,
				78D1B6B9277A603D0046193F /* SecondViewController.swift */,
			);
			path = UI;
			sourceTree = "<group>";
		};
		7884FDCB274EAC4800AD0F15 /* SB */ = {
			isa = PBXGroup;
			children = (
				7884FDB8274EABFD00AD0F15 /* Main.storyboard */,
			);
			path = SB;
			sourceTree = "<group>";
		};
		7884FDCC274EAC5200AD0F15 /* MainScreen */ = {
			isa = PBXGroup;
			children = (
				78E6AD0B27561F08000CA165 /* Model */,
				785CBAC5274EB06E003D17AE /* Cell */,
				785CBAC1274EAED9003D17AE /* Manager */,
				785CBAC0274EAED2003D17AE /* View */,
			);
			path = MainScreen;
			sourceTree = "<group>";
		};
		78E6AD0A27561EF4000CA165 /* Common */ = {
			isa = PBXGroup;
			children = (
				78E6AD0727561ECA000CA165 /* LoadMoreErrorView.swift */,
				78E6AD0427561EB7000CA165 /* LoadingView.swift */,
				78E6AD1027561F96000CA165 /* PlaceholderView.swift */,
			);
			path = Common;
			sourceTree = "<group>";
		};
		78E6AD0B27561F08000CA165 /* Model */ = {
			isa = PBXGroup;
			children = (
				78E6AD0C27561F14000CA165 /* FeedModel.swift */,
			);
			path = Model;
			sourceTree = "<group>";
		};
		78E6AD13275650EC000CA165 /* Nerwork */ = {
			isa = PBXGroup;
			children = (
				78E6AD14275650FF000CA165 /* NetworkService.swift */,
			);
			path = Nerwork;
			sourceTree = "<group>";
		};
/* End PBXGroup section */

/* Begin PBXNativeTarget section */
		7884FDAE274EABFD00AD0F15 /* Pagination+UITableView */ = {
			isa = PBXNativeTarget;
			buildConfigurationList = 7884FDC3274EAC0200AD0F15 /* Build configuration list for PBXNativeTarget "Pagination+UITableView" */;
			buildPhases = (
				7884FDAB274EABFD00AD0F15 /* Sources */,
				7884FDAC274EABFD00AD0F15 /* Frameworks */,
				7884FDAD274EABFD00AD0F15 /* Resources */,
			);
			buildRules = (
			);
			dependencies = (
			);
			name = "Pagination+UITableView";
			productName = "Pagination+UITableView";
			productReference = 7884FDAF274EABFD00AD0F15 /* Pagination+UITableView.app */;
			productType = "com.apple.product-type.application";
		};
/* End PBXNativeTarget section */

/* Begin PBXProject section */
		7884FDA7274EABFD00AD0F15 /* Project object */ = {
			isa = PBXProject;
			attributes = {
				LastSwiftUpdateCheck = 1240;
				LastUpgradeCheck = 1240;
				TargetAttributes = {
					7884FDAE274EABFD00AD0F15 = {
						CreatedOnToolsVersion = 12.4;
					};
				};
			};
			buildConfigurationList = 7884FDAA274EABFD00AD0F15 /* Build configuration list for PBXProject "Pagination+UITableView" */;
			compatibilityVersion = "Xcode 9.3";
			developmentRegion = en;
			hasScannedForEncodings = 0;
			knownRegions = (
				en,
				Base,
			);
			mainGroup = 7884FDA6274EABFD00AD0F15;
			productRefGroup = 7884FDB0274EABFD00AD0F15 /* Products */;
			projectDirPath = "";
			projectRoot = "";
			targets = (
				7884FDAE274EABFD00AD0F15 /* Pagination+UITableView */,
			);
		};
/* End PBXProject section */

/* Begin PBXResourcesBuildPhase section */
		7884FDAD274EABFD00AD0F15 /* Resources */ = {
			isa = PBXResourcesBuildPhase;
			buildActionMask = 2147483647;
			files = (
				7884FDBF274EAC0200AD0F15 /* LaunchScreen.storyboard in Resources */,
				7884FDBC274EAC0200AD0F15 /* Assets.xcassets in Resources */,
				7884FDBA274EABFD00AD0F15 /* Main.storyboard in Resources */,
			);
			runOnlyForDeploymentPostprocessing = 0;
		};
/* End PBXResourcesBuildPhase section */

/* Begin PBXSourcesBuildPhase section */
		7884FDAB274EABFD00AD0F15 /* Sources */ = {
			isa = PBXSourcesBuildPhase;
			buildActionMask = 2147483647;
			files = (
				78D1B6BA277A603D0046193F /* SecondViewController.swift in Sources */,
				78E6AD15275650FF000CA165 /* NetworkService.swift in Sources */,
				7884FDB7274EABFD00AD0F15 /* MainViewController.swift in Sources */,
				78E6AD0827561ECA000CA165 /* LoadMoreErrorView.swift in Sources */,
				785CBAC7274EB089003D17AE /* MainTableViewCell.swift in Sources */,
				7884FDB3274EABFD00AD0F15 /* AppDelegate.swift in Sources */,
				7884FDB5274EABFD00AD0F15 /* SceneDelegate.swift in Sources */,
				785CBAC3274EAEE9003D17AE /* MainTableViewManager.swift in Sources */,
				78E6AD0527561EB7000CA165 /* LoadingView.swift in Sources */,
				78E6AD0D27561F14000CA165 /* FeedModel.swift in Sources */,
				78E6AD1127561F96000CA165 /* PlaceholderView.swift in Sources */,
			);
			runOnlyForDeploymentPostprocessing = 0;
		};
/* End PBXSourcesBuildPhase section */

/* Begin PBXVariantGroup section */
		7884FDB8274EABFD00AD0F15 /* Main.storyboard */ = {
			isa = PBXVariantGroup;
			children = (
				7884FDB9274EABFD00AD0F15 /* Base */,
			);
			name = Main.storyboard;
			sourceTree = "<group>";
		};
		7884FDBD274EAC0200AD0F15 /* LaunchScreen.storyboard */ = {
			isa = PBXVariantGroup;
			children = (
				7884FDBE274EAC0200AD0F15 /* Base */,
			);
			name = LaunchScreen.storyboard;
			sourceTree = "<group>";
		};
/* End PBXVariantGroup section */

/* Begin XCBuildConfiguration section */
		7884FDC1274EAC0200AD0F15 /* Debug */ = {
			isa = XCBuildConfiguration;
			buildSettings = {
				ALWAYS_SEARCH_USER_PATHS = NO;
				CLANG_ANALYZER_NONNULL = YES;
				CLANG_ANALYZER_NUMBER_OBJECT_CONVERSION = YES_AGGRESSIVE;
				CLANG_CXX_LANGUAGE_STANDARD = "gnu++14";
				CLANG_CXX_LIBRARY = "libc++";
				CLANG_ENABLE_MODULES = YES;
				CLANG_ENABLE_OBJC_ARC = YES;
				CLANG_ENABLE_OBJC_WEAK = YES;
				CLANG_WARN_BLOCK_CAPTURE_AUTORELEASING = YES;
				CLANG_WARN_BOOL_CONVERSION = YES;
				CLANG_WARN_COMMA = YES;
				CLANG_WARN_CONSTANT_CONVERSION = YES;
				CLANG_WARN_DEPRECATED_OBJC_IMPLEMENTATIONS = YES;
				CLANG_WARN_DIRECT_OBJC_ISA_USAGE = YES_ERROR;
				CLANG_WARN_DOCUMENTATION_COMMENTS = YES;
				CLANG_WARN_EMPTY_BODY = YES;
				CLANG_WARN_ENUM_CONVERSION = YES;
				CLANG_WARN_INFINITE_RECURSION = YES;
				CLANG_WARN_INT_CONVERSION = YES;
				CLANG_WARN_NON_LITERAL_NULL_CONVERSION = YES;
				CLANG_WARN_OBJC_IMPLICIT_RETAIN_SELF = YES;
				CLANG_WARN_OBJC_LITERAL_CONVERSION = YES;
				CLANG_WARN_OBJC_ROOT_CLASS = YES_ERROR;
				CLANG_WARN_QUOTED_INCLUDE_IN_FRAMEWORK_HEADER = YES;
				CLANG_WARN_RANGE_LOOP_ANALYSIS = YES;
				CLANG_WARN_STRICT_PROTOTYPES = YES;
				CLANG_WARN_SUSPICIOUS_MOVE = YES;
				CLANG_WARN_UNGUARDED_AVAILABILITY = YES_AGGRESSIVE;
				CLANG_WARN_UNREACHABLE_CODE = YES;
				CLANG_WARN__DUPLICATE_METHOD_MATCH = YES;
				COPY_PHASE_STRIP = NO;
				DEBUG_INFORMATION_FORMAT = dwarf;
				ENABLE_STRICT_OBJC_MSGSEND = YES;
				ENABLE_TESTABILITY = YES;
				GCC_C_LANGUAGE_STANDARD = gnu11;
				GCC_DYNAMIC_NO_PIC = NO;
				GCC_NO_COMMON_BLOCKS = YES;
				GCC_OPTIMIZATION_LEVEL = 0;
				GCC_PREPROCESSOR_DEFINITIONS = (
					"DEBUG=1",
					"$(inherited)",
				);
				GCC_WARN_64_TO_32_BIT_CONVERSION = YES;
				GCC_WARN_ABOUT_RETURN_TYPE = YES_ERROR;
				GCC_WARN_UNDECLARED_SELECTOR = YES;
				GCC_WARN_UNINITIALIZED_AUTOS = YES_AGGRESSIVE;
				GCC_WARN_UNUSED_FUNCTION = YES;
				GCC_WARN_UNUSED_VARIABLE = YES;
				IPHONEOS_DEPLOYMENT_TARGET = 13.0;
				MTL_ENABLE_DEBUG_INFO = INCLUDE_SOURCE;
				MTL_FAST_MATH = YES;
				ONLY_ACTIVE_ARCH = YES;
				SDKROOT = iphoneos;
				SWIFT_ACTIVE_COMPILATION_CONDITIONS = DEBUG;
				SWIFT_OPTIMIZATION_LEVEL = "-Onone";
			};
			name = Debug;
		};
		7884FDC2274EAC0200AD0F15 /* Release */ = {
			isa = XCBuildConfiguration;
			buildSettings = {
				ALWAYS_SEARCH_USER_PATHS = NO;
				CLANG_ANALYZER_NONNULL = YES;
				CLANG_ANALYZER_NUMBER_OBJECT_CONVERSION = YES_AGGRESSIVE;
				CLANG_CXX_LANGUAGE_STANDARD = "gnu++14";
				CLANG_CXX_LIBRARY = "libc++";
				CLANG_ENABLE_MODULES = YES;
				CLANG_ENABLE_OBJC_ARC = YES;
				CLANG_ENABLE_OBJC_WEAK = YES;
				CLANG_WARN_BLOCK_CAPTURE_AUTORELEASING = YES;
				CLANG_WARN_BOOL_CONVERSION = YES;
				CLANG_WARN_COMMA = YES;
				CLANG_WARN_CONSTANT_CONVERSION = YES;
				CLANG_WARN_DEPRECATED_OBJC_IMPLEMENTATIONS = YES;
				CLANG_WARN_DIRECT_OBJC_ISA_USAGE = YES_ERROR;
				CLANG_WARN_DOCUMENTATION_COMMENTS = YES;
				CLANG_WARN_EMPTY_BODY = YES;
				CLANG_WARN_ENUM_CONVERSION = YES;
				CLANG_WARN_INFINITE_RECURSION = YES;
				CLANG_WARN_INT_CONVERSION = YES;
				CLANG_WARN_NON_LITERAL_NULL_CONVERSION = YES;
				CLANG_WARN_OBJC_IMPLICIT_RETAIN_SELF = YES;
				CLANG_WARN_OBJC_LITERAL_CONVERSION = YES;
				CLANG_WARN_OBJC_ROOT_CLASS = YES_ERROR;
				CLANG_WARN_QUOTED_INCLUDE_IN_FRAMEWORK_HEADER = YES;
				CLANG_WARN_RANGE_LOOP_ANALYSIS = YES;
				CLANG_WARN_STRICT_PROTOTYPES = YES;
				CLANG_WARN_SUSPICIOUS_MOVE = YES;
				CLANG_WARN_UNGUARDED_AVAILABILITY = YES_AGGRESSIVE;
				CLANG_WARN_UNREACHABLE_CODE = YES;
				CLANG_WARN__DUPLICATE_METHOD_MATCH = YES;
				COPY_PHASE_STRIP = NO;
				DEBUG_INFORMATION_FORMAT = "dwarf-with-dsym";
				ENABLE_NS_ASSERTIONS = NO;
				ENABLE_STRICT_OBJC_MSGSEND = YES;
				GCC_C_LANGUAGE_STANDARD = gnu11;
				GCC_NO_COMMON_BLOCKS = YES;
				GCC_WARN_64_TO_32_BIT_CONVERSION = YES;
				GCC_WARN_ABOUT_RETURN_TYPE = YES_ERROR;
				GCC_WARN_UNDECLARED_SELECTOR = YES;
				GCC_WARN_UNINITIALIZED_AUTOS = YES_AGGRESSIVE;
				GCC_WARN_UNUSED_FUNCTION = YES;
				GCC_WARN_UNUSED_VARIABLE = YES;
				IPHONEOS_DEPLOYMENT_TARGET = 13.0;
				MTL_ENABLE_DEBUG_INFO = NO;
				MTL_FAST_MATH = YES;
				SDKROOT = iphoneos;
				SWIFT_COMPILATION_MODE = wholemodule;
				SWIFT_OPTIMIZATION_LEVEL = "-O";
				VALIDATE_PRODUCT = YES;
			};
			name = Release;
		};
		7884FDC4274EAC0200AD0F15 /* Debug */ = {
			isa = XCBuildConfiguration;
			buildSettings = {
				ASSETCATALOG_COMPILER_APPICON_NAME = AppIcon;
				ASSETCATALOG_COMPILER_GLOBAL_ACCENT_COLOR_NAME = AccentColor;
				CODE_SIGN_STYLE = Automatic;
				DEVELOPMENT_TEAM = X9ARV8DQ77;
				INFOPLIST_FILE = "Pagination+UITableView/Resources/Info.plist";
				IPHONEOS_DEPLOYMENT_TARGET = 13.0;
				LD_RUNPATH_SEARCH_PATHS = (
					"$(inherited)",
					"@executable_path/Frameworks",
				);
				PRODUCT_BUNDLE_IDENTIFIER = "eav.Pagination-UITableView";
				PRODUCT_NAME = "$(TARGET_NAME)";
				SWIFT_VERSION = 5.0;
				TARGETED_DEVICE_FAMILY = "1,2";
			};
			name = Debug;
		};
		7884FDC5274EAC0200AD0F15 /* Release */ = {
			isa = XCBuildConfiguration;
			buildSettings = {
				ASSETCATALOG_COMPILER_APPICON_NAME = AppIcon;
				ASSETCATALOG_COMPILER_GLOBAL_ACCENT_COLOR_NAME = AccentColor;
				CODE_SIGN_STYLE = Automatic;
				DEVELOPMENT_TEAM = X9ARV8DQ77;
				INFOPLIST_FILE = "Pagination+UITableView/Resources/Info.plist";
				IPHONEOS_DEPLOYMENT_TARGET = 13.0;
				LD_RUNPATH_SEARCH_PATHS = (
					"$(inherited)",
					"@executable_path/Frameworks",
				);
				PRODUCT_BUNDLE_IDENTIFIER = "eav.Pagination-UITableView";
				PRODUCT_NAME = "$(TARGET_NAME)";
				SWIFT_VERSION = 5.0;
				TARGETED_DEVICE_FAMILY = "1,2";
			};
			name = Release;
		};
/* End XCBuildConfiguration section */

/* Begin XCConfigurationList section */
		7884FDAA274EABFD00AD0F15 /* Build configuration list for PBXProject "Pagination+UITableView" */ = {
			isa = XCConfigurationList;
			buildConfigurations = (
				7884FDC1274EAC0200AD0F15 /* Debug */,
				7884FDC2274EAC0200AD0F15 /* Release */,
			);
			defaultConfigurationIsVisible = 0;
			defaultConfigurationName = Release;
		};
		7884FDC3274EAC0200AD0F15 /* Build configuration list for PBXNativeTarget "Pagination+UITableView" */ = {
			isa = XCConfigurationList;
			buildConfigurations = (
				7884FDC4274EAC0200AD0F15 /* Debug */,
				7884FDC5274EAC0200AD0F15 /* Release */,
			);
			defaultConfigurationIsVisible = 0;
			defaultConfigurationName = Release;
		};
/* End XCConfigurationList section */
	};
	rootObject = 7884FDA7274EABFD00AD0F15 /* Project object */;
}
